<?xml version="1.0" encoding="utf-8"?>
<Project ToolsVersion="4.0" xmlns="http://schemas.microsoft.com/developer/msbuild/2003">
  <ItemGroup>
    <Filter Include="Generated Files">
      <UniqueIdentifier>{71ED8ED8-ACB9-4CE9-BBE1-E00B30144E11}</UniqueIdentifier>
      <Extensions>cpp;c;cxx;moc;h;def;odl;idl;res;</Extensions>
    </Filter>
    <Filter Include="Generated Files">
      <UniqueIdentifier>{71ED8ED8-ACB9-4CE9-BBE1-E00B30144E11}</UniqueIdentifier>
      <Extensions>cpp;c;cxx;moc;h;def;odl;idl;res;</Extensions>
    </Filter>
    <Filter Include="Header Files">
      <UniqueIdentifier>{93995380-89BD-4b04-88EB-625FBE52EBFB}</UniqueIdentifier>
      <Extensions>h;hpp;hxx;hm;inl;inc;xsd</Extensions>
    </Filter>
    <Filter Include="Header Files">
      <UniqueIdentifier>{93995380-89BD-4b04-88EB-625FBE52EBFB}</UniqueIdentifier>
      <Extensions>h;hpp;hxx;hm;inl;inc;xsd</Extensions>
    </Filter>
    <Filter Include="Source Files">
      <UniqueIdentifier>{4FC737F1-C7A5-4376-A066-2A32D752A2FF}</UniqueIdentifier>
      <Extensions>cpp;c;cxx;def;odl;idl;hpj;bat;asm;asmx</Extensions>
    </Filter>
    <Filter Include="Source Files">
      <UniqueIdentifier>{4FC737F1-C7A5-4376-A066-2A32D752A2FF}</UniqueIdentifier>
      <Extensions>cpp;c;cxx;def;odl;idl;hpj;bat;asm;asmx</Extensions>
    </Filter>
  </ItemGroup>
  <ItemGroup>
    <ClCompile Include="CommandContextImpl.cpp">
      <Filter>Source Files</Filter>
    </ClCompile>
    <ClCompile Include="ConsoleAppLoadCommand.cpp">
      <Filter>Source Files</Filter>
    </ClCompile>
    <ClCompile Include="ConsoleCommands.cpp">
      <Filter>Source Files</Filter>
    </ClCompile>
    <ClCompile Include="ConsoleModule.cpp">
      <Filter>Source Files</Filter>
    </ClCompile>
    <ClCompile Include="ConsoleReactors.cpp">
      <Filter>Source Files</Filter>
    </ClCompile>
    <ClCompile Include="OdqAudit.cpp">
      <Filter>Source Files</Filter>
    </ClCompile>
    <ClCompile Include="OdqCommandLineEdit.cpp">
      <Filter>Source Files</Filter>
    </ClCompile>
    <ClCompile Include="OdqConsole.cpp">
      <Filter>Source Files</Filter>
    </ClCompile>
    <ClCompile Include="OdqConsoleTab.cpp">
      <Filter>Source Files</Filter>
    </ClCompile>
    <ClCompile Include="OdqDragTracker.cpp">
      <Filter>Source Files</Filter>
    </ClCompile>
    <ClCompile Include="OdqGripManager.cpp">
      <Filter>Source Files</Filter>
    </ClCompile>
    <ClCompile Include="OdqSnapManager.cpp">
      <Filter>Source Files</Filter>
    </ClCompile>
    <ClCompile Include="SysVarPEImpl.cpp">
      <Filter>Source Files</Filter>
    </ClCompile>
    <ClCompile Include="..\..\include\Drawing\Editor\ExGripManager.cpp">
      <Filter>Source Files</Filter>
    </ClCompile>
    <ClCompile Include="..\..\include\Drawing\Editor\OSnapManager.cpp">
      <Filter>Source Files</Filter>
    </ClCompile>
    <ClCompile Include="..\..\temp\build\SmartClConsole\moc_OdqConsoleTab.cpp">
      <Filter>Generated Files</Filter>
    </ClCompile>
    <ClCompile Include="..\..\temp\build\SmartClConsole\moc_OdqConsole.cpp">
      <Filter>Generated Files</Filter>
    </ClCompile>
    <ClCompile Include="..\..\temp\build\SmartClConsole\moc_OdqCommandLineEdit.cpp">
      <Filter>Generated Files</Filter>
    </ClCompile>
  </ItemGroup>
  <ItemGroup>
    <ClInclude Include="CommandContextImpl.h">
      <Filter>Header Files</Filter>
    </ClInclude>
    <ClInclude Include="ConsoleCommands.h">
      <Filter>Header Files</Filter>
    </ClInclude>
    <ClInclude Include="ConsoleModule.h">
      <Filter>Header Files</Filter>
    </ClInclude>
    <ClInclude Include="ConsoleReactors.h">
      <Filter>Header Files</Filter>
    </ClInclude>
    <CustomBuild Include="OdqCommandLineEdit.h">
      <Filter>Header Files</Filter>
    </CustomBuild>
    <CustomBuild Include="OdqConsole.h">
      <Filter>Header Files</Filter>
    </CustomBuild>
    <CustomBuild Include="OdqConsoleTab.h">
      <Filter>Header Files</Filter>
    </CustomBuild>
    <ClInclude Include="OdqDragTracker.h">
      <Filter>Header Files</Filter>
    </ClInclude>
    <ClInclude Include="OdqGripManager.h">
      <Filter>Header Files</Filter>
    </ClInclude>
    <ClInclude Include="OdqSnapManager.h">
      <Filter>Header Files</Filter>
    </ClInclude>
    <ClInclude Include="OdqSysVarDefs.h">
      <Filter>Header Files</Filter>
    </ClInclude>
    <ClInclude Include="SysVarPEImpl.h">
      <Filter>Header Files</Filter>
    </ClInclude>
    <ClInclude Include="..\..\include\Drawing\Extensions\DbConstraints\DbAssocManager.h">
      <Filter>Header Files</Filter>
    </ClInclude>
    <ClInclude Include="..\..\include\Drawing\Qt\Common\ExAppServices.h">
      <Filter>Header Files</Filter>
    </ClInclude>
    <ClInclude Include="..\..\include\Kernel\Common\ExDynamicModule.h">
      <Filter>Header Files</Filter>
    </ClInclude>
    <ClInclude Include="..\..\include\Drawing\Editor\ExGripManager.h">
      <Filter>Header Files</Filter>
    </ClInclude>
    <ClInclude Include="..\..\include\Drawing\Qt\Common\OdqAudit.h">
      <Filter>Header Files</Filter>
    </ClInclude>
    <ClInclude Include="..\..\include\Drawing\Qt\Common\OdqClipData.h">
      <Filter>Header Files</Filter>
    </ClInclude>
    <ClInclude Include="..\..\include\Drawing\Qt\Common\OdqInterfaces.h">
      <Filter>Header Files</Filter>
    </ClInclude>
    <ClInclude Include="..\..\include\Drawing\Qt\Common\OdqTdSaveAsFilters.h">
      <Filter>Header Files</Filter>
    </ClInclude>
    <ClInclude Include="..\..\include\Drawing\Editor\OSnapManager.h">
      <Filter>Header Files</Filter>
    </ClInclude>
    <ClInclude Include="..\..\include\Drawing\Qt\Common\PropServices.h">
      <Filter>Header Files</Filter>
    </ClInclude>
    <ClInclude Include="..\..\include\Drawing\Common\SysVarPE.h">
      <Filter>Header Files</Filter>
    </ClInclude>
  </ItemGroup>
  <ItemGroup>
    <ResourceCompile Include="data\OdqConsole.rc" />
  </ItemGroup>
</Project>