<?xml version="1.0" encoding="utf-8"?>
<Project ToolsVersion="4.0" xmlns="http://schemas.microsoft.com/developer/msbuild/2003">
  <ItemGroup>
    <Filter Include="Header Files">
      <UniqueIdentifier>{93995380-89BD-4b04-88EB-625FBE52EBFB}</UniqueIdentifier>
      <Extensions>h;hpp;hxx;hm;inl;inc;xsd</Extensions>
    </Filter>
    <Filter Include="Header Files">
      <UniqueIdentifier>{93995380-89BD-4b04-88EB-625FBE52EBFB}</UniqueIdentifier>
      <Extensions>h;hpp;hxx;hm;inl;inc;xsd</Extensions>
    </Filter>
    <Filter Include="Source Files">
      <UniqueIdentifier>{4FC737F1-C7A5-4376-A066-2A32D752A2FF}</UniqueIdentifier>
      <Extensions>cpp;c;cxx;def;odl;idl;hpj;bat;asm;asmx</Extensions>
    </Filter>
    <Filter Include="Source Files">
      <UniqueIdentifier>{4FC737F1-C7A5-4376-A066-2A32D752A2FF}</UniqueIdentifier>
      <Extensions>cpp;c;cxx;def;odl;idl;hpj;bat;asm;asmx</Extensions>
    </Filter>
  </ItemGroup>
  <ItemGroup>
    <ClCompile Include="ExGsQtDevice.cpp">
      <Filter>Source Files</Filter>
    </ClCompile>
    <ClCompile Include="ExGsQtVectorizeDevice.cpp">
      <Filter>Source Files</Filter>
    </ClCompile>
    <ClCompile Include="OpenGLModule.cpp">
      <Filter>Source Files</Filter>
    </ClCompile>
    <ClCompile Include="..\..\include\Kernel\Extensions\ExRender\TtfFontsCache.cpp">
      <Filter>Source Files</Filter>
    </ClCompile>
    <ClCompile Include="..\..\include\Kernel\Extensions\ExRender\mono_dxt1_compressor.cpp">
      <Filter>Source Files</Filter>
    </ClCompile>
    <ClCompile Include="..\..\include\Kernel\Extensions\ExRender\OpenGL\GsOpenGLVectorizer.cpp">
      <Filter>Source Files</Filter>
    </ClCompile>
    <ClCompile Include="..\..\include\Kernel\Extensions\ExRender\OpenGL\GsOpenGLStreamVectorizer.cpp">
      <Filter>Source Files</Filter>
    </ClCompile>
    <ClCompile Include="..\..\include\Kernel\Extensions\ExRender\OpenGL\ExOpenGLMetafileWriter.cpp">
      <Filter>Source Files</Filter>
    </ClCompile>
    <ClCompile Include="..\..\include\Kernel\Extensions\ExRender\OpenGL\ExOpenGLMetafileStream.cpp">
      <Filter>Source Files</Filter>
    </ClCompile>
    <ClCompile Include="..\..\include\Kernel\Extensions\ExRender\OpenGL\ExOpenGLMetafileReader.cpp">
      <Filter>Source Files</Filter>
    </ClCompile>
    <ClCompile Include="..\..\include\Kernel\Extensions\ExRender\CommonDeviceProps.cpp">
      <Filter>Source Files</Filter>
    </ClCompile>
  </ItemGroup>
  <ItemGroup>
    <ClInclude Include="ExGsQtDevice.h">
      <Filter>Header Files</Filter>
    </ClInclude>
    <ClInclude Include="ExGsQtScreenDevice.h">
      <Filter>Header Files</Filter>
    </ClInclude>
    <ClInclude Include="ExGsQtVectorizeDevice.h">
      <Filter>Header Files</Filter>
    </ClInclude>
    <ClInclude Include="..\..\include\Kernel\Extensions\ExRender\TtfFontsCache.h">
      <Filter>Header Files</Filter>
    </ClInclude>
    <ClInclude Include="..\..\include\Kernel\Extensions\ExRender\OpenGL\OpenGLMetafileStream.h">
      <Filter>Header Files</Filter>
    </ClInclude>
    <ClInclude Include="..\..\include\Kernel\Extensions\ExRender\OpenGL\OpenGLExtensions.h">
      <Filter>Header Files</Filter>
    </ClInclude>
    <ClInclude Include="..\..\include\Kernel\Extensions\ExRender\OpenGL\OpenGL_ES.h">
      <Filter>Header Files</Filter>
    </ClInclude>
    <ClInclude Include="..\..\include\Kernel\Extensions\ExRender\mono_dxt1_compressor.h">
      <Filter>Header Files</Filter>
    </ClInclude>
    <ClInclude Include="..\..\include\Kernel\Extensions\ExRender\MetafileTransformStack.h">
      <Filter>Header Files</Filter>
    </ClInclude>
    <ClInclude Include="..\..\include\Kernel\Extensions\ExRender\OpenGL\GsOpenGLVectorizer.h">
      <Filter>Header Files</Filter>
    </ClInclude>
    <ClInclude Include="..\..\include\Kernel\Extensions\ExRender\OpenGL\GsOpenGLStreamVectorizer.h">
      <Filter>Header Files</Filter>
    </ClInclude>
    <ClInclude Include="..\..\include\Kernel\Extensions\ExRender\OpenGL\GsOpenGLDefs.h">
      <Filter>Header Files</Filter>
    </ClInclude>
    <ClInclude Include="..\..\include\Kernel\Extensions\ExRender\OpenGL\ExOpenGLMetafileWriter.h">
      <Filter>Header Files</Filter>
    </ClInclude>
    <ClInclude Include="..\..\include\Kernel\Extensions\ExRender\OpenGL\ExOpenGLMetafileStream.h">
      <Filter>Header Files</Filter>
    </ClInclude>
    <ClInclude Include="..\..\include\Kernel\Extensions\ExRender\OpenGL\ExOpenGLMetafileReader.h">
      <Filter>Header Files</Filter>
    </ClInclude>
    <ClInclude Include="..\..\include\Kernel\Extensions\ExRender\ExGsHelpers.h">
      <Filter>Header Files</Filter>
    </ClInclude>
    <ClInclude Include="..\..\include\Kernel\Extensions\ExRender\CommonDeviceProps.h">
      <Filter>Header Files</Filter>
    </ClInclude>
  </ItemGroup>
  <ItemGroup>
    <ResourceCompile Include="data\OdqOpenGL.rc" />
  </ItemGroup>
</Project>